
Microsoft Visual Studio Solution File, Format Version 12.00
# Visual Studio Version 17
VisualStudioVersion = 17.1.32407.343
MinimumVisualStudioVersion = 10.0.40219.1
Project("{FAE04EC0-301F-11D3-BF4B-00C04F79EFBC}") = "ClassMetotDemo", "ClassMetotDemo.csproj", "{A6BE01D7-C7E2-4F81-A4D0-425651A4CE24}"
EndProject
Global
	GlobalSection(SolutionConfigurationPlatforms) = preSolution
		Debug|Any CPU = Debug|Any CPU
		Release|Any CPU = Release|Any CPU
	EndGlobalSection
	GlobalSection(ProjectConfigurationPlatforms) = postSolution
		{A6BE01D7-C7E2-4F81-A4D0-425651A4CE24}.Debug|Any CPU.ActiveCfg = Debug|Any CPU
		{A6BE01D7-C7E2-4F81-A4D0-425651A4CE24}.Debug|Any CPU.Build.0 = Debug|Any CPU
		{A6BE01D7-C7E2-4F81-A4D0-425651A4CE24}.Release|Any CPU.ActiveCfg = Release|Any CPU
		{A6BE01D7-C7E2-4F81-A4D0-425651A4CE24}.Release|Any CPU.Build.0 = Release|Any CPU
	EndGlobalSection
	GlobalSection(SolutionProperties) = preSolution
		HideSolutionNode = FALSE
	EndGlobalSection
	GlobalSection(ExtensibilityGlobals) = postSolution
		SolutionGuid = {3EC85C26-67A3-465F-939B-7828A6E6CEBF}
	EndGlobalSection
EndGlobal
